
Microsoft Visual Studio Solution File, Format Version 12.00
# Visual Studio 15
VisualStudioVersion = 15.0.28010.2036
MinimumVisualStudioVersion = 10.0.40219.1
Project("{FAE04EC0-301F-11D3-BF4B-00C04F79EFBC}") = "Zad.2", "Zad.2\Zad.2.csproj", "{BF876516-16CF-4947-8BDD-4AC103442297}"
EndProject
Project("{FAE04EC0-301F-11D3-BF4B-00C04F79EFBC}") = "Zad.3", "Zad.3\Zad.3.csproj", "{3968E3A3-3BA2-44DC-9354-9C971EB437E2}"
EndProject
Project("{FAE04EC0-301F-11D3-BF4B-00C04F79EFBC}") = "Zad.4", "Zad.4\Zad.4.csproj", "{A0C2858E-EEFB-4202-B627-A3D14F85ED9E}"
EndProject
Project("{FAE04EC0-301F-11D3-BF4B-00C04F79EFBC}") = "Zad.6", "Zad.6\Zad.6.csproj", "{E22BCD75-9503-4467-A04A-9C640F1AE3B3}"
EndProject
Project("{FAE04EC0-301F-11D3-BF4B-00C04F79EFBC}") = "Zad.7", "Zad.7\Zad.7.csproj", "{AFA91891-2C5F-4363-A93D-261F12B1E85B}"
EndProject
Project("{FAE04EC0-301F-11D3-BF4B-00C04F79EFBC}") = "Zad.8", "Zad.8\Zad.8.csproj", "{E8F3E938-A95C-4BA1-8E93-EF13BAB41BA5}"
EndProject
Project("{FAE04EC0-301F-11D3-BF4B-00C04F79EFBC}") = "Zad.9", "Zad.9\Zad.9.csproj", "{ED30B369-4B19-45A1-813E-C367022F18B8}"
EndProject
Project("{FAE04EC0-301F-11D3-BF4B-00C04F79EFBC}") = "Zad.10", "Zad.10\Zad.10.csproj", "{E722F05D-6B45-4FC8-AE4A-8EF676338FD3}"
EndProject
Project("{FAE04EC0-301F-11D3-BF4B-00C04F79EFBC}") = "Zad.11", "Zad.11\Zad.11.csproj", "{F1A2D128-9860-48F3-A146-B979E52089B9}"
EndProject
Project("{FAE04EC0-301F-11D3-BF4B-00C04F79EFBC}") = "Zad.12", "Zad.12\Zad.12.csproj", "{510E52D5-39CE-49B9-8070-95B7A2668CB4}"
EndProject
Project("{FAE04EC0-301F-11D3-BF4B-00C04F79EFBC}") = "Zad.13", "Zad.13\Zad.13.csproj", "{512A37D9-7813-4906-AC5D-63A27D92BCE4}"
EndProject
Project("{FAE04EC0-301F-11D3-BF4B-00C04F79EFBC}") = "Zad.5", "Zad.5\Zad.5.csproj", "{BFA406F8-5831-4D68-84A5-5D099790AF46}"
EndProject
Global
	GlobalSection(SolutionConfigurationPlatforms) = preSolution
		Debug|Any CPU = Debug|Any CPU
		Release|Any CPU = Release|Any CPU
	EndGlobalSection
	GlobalSection(ProjectConfigurationPlatforms) = postSolution
		{BF876516-16CF-4947-8BDD-4AC103442297}.Debug|Any CPU.ActiveCfg = Debug|Any CPU
		{BF876516-16CF-4947-8BDD-4AC103442297}.Debug|Any CPU.Build.0 = Debug|Any CPU
		{BF876516-16CF-4947-8BDD-4AC103442297}.Release|Any CPU.ActiveCfg = Release|Any CPU
		{BF876516-16CF-4947-8BDD-4AC103442297}.Release|Any CPU.Build.0 = Release|Any CPU
		{3968E3A3-3BA2-44DC-9354-9C971EB437E2}.Debug|Any CPU.ActiveCfg = Debug|Any CPU
		{3968E3A3-3BA2-44DC-9354-9C971EB437E2}.Debug|Any CPU.Build.0 = Debug|Any CPU
		{3968E3A3-3BA2-44DC-9354-9C971EB437E2}.Release|Any CPU.ActiveCfg = Release|Any CPU
		{3968E3A3-3BA2-44DC-9354-9C971EB437E2}.Release|Any CPU.Build.0 = Release|Any CPU
		{A0C2858E-EEFB-4202-B627-A3D14F85ED9E}.Debug|Any CPU.ActiveCfg = Debug|Any CPU
		{A0C2858E-EEFB-4202-B627-A3D14F85ED9E}.Debug|Any CPU.Build.0 = Debug|Any CPU
		{A0C2858E-EEFB-4202-B627-A3D14F85ED9E}.Release|Any CPU.ActiveCfg = Release|Any CPU
		{A0C2858E-EEFB-4202-B627-A3D14F85ED9E}.Release|Any CPU.Build.0 = Release|Any CPU
		{E22BCD75-9503-4467-A04A-9C640F1AE3B3}.Debug|Any CPU.ActiveCfg = Debug|Any CPU
		{E22BCD75-9503-4467-A04A-9C640F1AE3B3}.Debug|Any CPU.Build.0 = Debug|Any CPU
		{E22BCD75-9503-4467-A04A-9C640F1AE3B3}.Release|Any CPU.ActiveCfg = Release|Any CPU
		{E22BCD75-9503-4467-A04A-9C640F1AE3B3}.Release|Any CPU.Build.0 = Release|Any CPU
		{AFA91891-2C5F-4363-A93D-261F12B1E85B}.Debug|Any CPU.ActiveCfg = Debug|Any CPU
		{AFA91891-2C5F-4363-A93D-261F12B1E85B}.Debug|Any CPU.Build.0 = Debug|Any CPU
		{AFA91891-2C5F-4363-A93D-261F12B1E85B}.Release|Any CPU.ActiveCfg = Release|Any CPU
		{AFA91891-2C5F-4363-A93D-261F12B1E85B}.Release|Any CPU.Build.0 = Release|Any CPU
		{E8F3E938-A95C-4BA1-8E93-EF13BAB41BA5}.Debug|Any CPU.ActiveCfg = Debug|Any CPU
		{E8F3E938-A95C-4BA1-8E93-EF13BAB41BA5}.Debug|Any CPU.Build.0 = Debug|Any CPU
		{E8F3E938-A95C-4BA1-8E93-EF13BAB41BA5}.Release|Any CPU.ActiveCfg = Release|Any CPU
		{E8F3E938-A95C-4BA1-8E93-EF13BAB41BA5}.Release|Any CPU.Build.0 = Release|Any CPU
		{ED30B369-4B19-45A1-813E-C367022F18B8}.Debug|Any CPU.ActiveCfg = Debug|Any CPU
		{ED30B369-4B19-45A1-813E-C367022F18B8}.Debug|Any CPU.Build.0 = Debug|Any CPU
		{ED30B369-4B19-45A1-813E-C367022F18B8}.Release|Any CPU.ActiveCfg = Release|Any CPU
		{ED30B369-4B19-45A1-813E-C367022F18B8}.Release|Any CPU.Build.0 = Release|Any CPU
		{E722F05D-6B45-4FC8-AE4A-8EF676338FD3}.Debug|Any CPU.ActiveCfg = Debug|Any CPU
		{E722F05D-6B45-4FC8-AE4A-8EF676338FD3}.Debug|Any CPU.Build.0 = Debug|Any CPU
		{E722F05D-6B45-4FC8-AE4A-8EF676338FD3}.Release|Any CPU.ActiveCfg = Release|Any CPU
		{E722F05D-6B45-4FC8-AE4A-8EF676338FD3}.Release|Any CPU.Build.0 = Release|Any CPU
		{F1A2D128-9860-48F3-A146-B979E52089B9}.Debug|Any CPU.ActiveCfg = Debug|Any CPU
		{F1A2D128-9860-48F3-A146-B979E52089B9}.Debug|Any CPU.Build.0 = Debug|Any CPU
		{F1A2D128-9860-48F3-A146-B979E52089B9}.Release|Any CPU.ActiveCfg = Release|Any CPU
		{F1A2D128-9860-48F3-A146-B979E52089B9}.Release|Any CPU.Build.0 = Release|Any CPU
		{510E52D5-39CE-49B9-8070-95B7A2668CB4}.Debug|Any CPU.ActiveCfg = Debug|Any CPU
		{510E52D5-39CE-49B9-8070-95B7A2668CB4}.Debug|Any CPU.Build.0 = Debug|Any CPU
		{510E52D5-39CE-49B9-8070-95B7A2668CB4}.Release|Any CPU.ActiveCfg = Release|Any CPU
		{510E52D5-39CE-49B9-8070-95B7A2668CB4}.Release|Any CPU.Build.0 = Release|Any CPU
		{512A37D9-7813-4906-AC5D-63A27D92BCE4}.Debug|Any CPU.ActiveCfg = Debug|Any CPU
		{512A37D9-7813-4906-AC5D-63A27D92BCE4}.Debug|Any CPU.Build.0 = Debug|Any CPU
		{512A37D9-7813-4906-AC5D-63A27D92BCE4}.Release|Any CPU.ActiveCfg = Release|Any CPU
		{512A37D9-7813-4906-AC5D-63A27D92BCE4}.Release|Any CPU.Build.0 = Release|Any CPU
		{BFA406F8-5831-4D68-84A5-5D099790AF46}.Debug|Any CPU.ActiveCfg = Debug|Any CPU
		{BFA406F8-5831-4D68-84A5-5D099790AF46}.Debug|Any CPU.Build.0 = Debug|Any CPU
		{BFA406F8-5831-4D68-84A5-5D099790AF46}.Release|Any CPU.ActiveCfg = Release|Any CPU
		{BFA406F8-5831-4D68-84A5-5D099790AF46}.Release|Any CPU.Build.0 = Release|Any CPU
	EndGlobalSection
	GlobalSection(SolutionProperties) = preSolution
		HideSolutionNode = FALSE
	EndGlobalSection
	GlobalSection(ExtensibilityGlobals) = postSolution
		SolutionGuid = {F368277A-00AF-4593-AA6C-184472FF1969}
	EndGlobalSection
EndGlobal
