
Microsoft Visual Studio Solution File, Format Version 12.00
# Visual Studio 15
VisualStudioVersion = 15.0.28010.2036
MinimumVisualStudioVersion = 10.0.40219.1
Project("{FAE04EC0-301F-11D3-BF4B-00C04F79EFBC}") = "Zad.5", "Zad.1\Zad.5.csproj", "{1A8FCFC8-23C7-4E65-940C-676265B3749A}"
EndProject
Global
	GlobalSection(SolutionConfigurationPlatforms) = preSolution
		Debug|Any CPU = Debug|Any CPU
		Release|Any CPU = Release|Any CPU
	EndGlobalSection
	GlobalSection(ProjectConfigurationPlatforms) = postSolution
		{1A8FCFC8-23C7-4E65-940C-676265B3749A}.Debug|Any CPU.ActiveCfg = Debug|Any CPU
		{1A8FCFC8-23C7-4E65-940C-676265B3749A}.Debug|Any CPU.Build.0 = Debug|Any CPU
		{1A8FCFC8-23C7-4E65-940C-676265B3749A}.Release|Any CPU.ActiveCfg = Release|Any CPU
		{1A8FCFC8-23C7-4E65-940C-676265B3749A}.Release|Any CPU.Build.0 = Release|Any CPU
	EndGlobalSection
	GlobalSection(SolutionProperties) = preSolution
		HideSolutionNode = FALSE
	EndGlobalSection
	GlobalSection(ExtensibilityGlobals) = postSolution
		SolutionGuid = {F368277A-00AF-4593-AA6C-184472FF1969}
	EndGlobalSection
EndGlobal
